
Microsoft Visual Studio Solution File, Format Version 12.00
# Visual Studio Version 17
VisualStudioVersion = 17.1.32421.90
MinimumVisualStudioVersion = 10.0.40219.1
Project("{FAE04EC0-301F-11D3-BF4B-00C04F79EFBC}") = "SeleniumBasicDemo", "SeleniumBasicDemo\SeleniumBasicDemo.csproj", "{FFDA9827-0990-4831-9269-D92D122AA242}"
EndProject
Project("{FAE04EC0-301F-11D3-BF4B-00C04F79EFBC}") = "NunitWebDriverTests", "NunitWebDriverTests\NunitWebDriverTests.csproj", "{FDA30D50-26ED-4161-A816-8CE980030E9B}"
EndProject
Global
	GlobalSection(SolutionConfigurationPlatforms) = preSolution
		Debug|Any CPU = Debug|Any CPU
		Release|Any CPU = Release|Any CPU
	EndGlobalSection
	GlobalSection(ProjectConfigurationPlatforms) = postSolution
		{FFDA9827-0990-4831-9269-D92D122AA242}.Debug|Any CPU.ActiveCfg = Debug|Any CPU
		{FFDA9827-0990-4831-9269-D92D122AA242}.Debug|Any CPU.Build.0 = Debug|Any CPU
		{FFDA9827-0990-4831-9269-D92D122AA242}.Release|Any CPU.ActiveCfg = Release|Any CPU
		{FFDA9827-0990-4831-9269-D92D122AA242}.Release|Any CPU.Build.0 = Release|Any CPU
		{FDA30D50-26ED-4161-A816-8CE980030E9B}.Debug|Any CPU.ActiveCfg = Debug|Any CPU
		{FDA30D50-26ED-4161-A816-8CE980030E9B}.Debug|Any CPU.Build.0 = Debug|Any CPU
		{FDA30D50-26ED-4161-A816-8CE980030E9B}.Release|Any CPU.ActiveCfg = Release|Any CPU
		{FDA30D50-26ED-4161-A816-8CE980030E9B}.Release|Any CPU.Build.0 = Release|Any CPU
	EndGlobalSection
	GlobalSection(SolutionProperties) = preSolution
		HideSolutionNode = FALSE
	EndGlobalSection
	GlobalSection(ExtensibilityGlobals) = postSolution
		SolutionGuid = {AC78A30C-77FD-4BCF-A935-AA264849462A}
	EndGlobalSection
EndGlobal
